{
  "name": "Adotei",
  "lockfileVersion": 3,
  "requires": true,
  "packages": {
    "": {
      "dependencies": {
        "react-image-crop": "^11.0.7"
      }
    },
    "node_modules/react": {
      "version": "19.1.0",
      "resolved": "https://registry.npmjs.org/react/-/react-19.1.0.tgz",
      "integrity": "sha512-FS+XFBNvn3GTAWq26joslQgWNoFu08F4kl0J4CgdNKADkdSGXQyTCnKteIAJy96Br6YbpEU1LSzV5dYtjMkMDg==",
      "license": "MIT",
      "peer": true,
      "engines": {
        "node": ">=0.10.0"
      }
    },
    "node_modules/react-image-crop": {
      "version": "11.0.7",
      "resolved": "https://registry.npmjs.org/react-image-crop/-/react-image-crop-11.0.7.tgz",
      "integrity": "sha512-ZciKWHDYzmm366JDL18CbrVyjnjH0ojufGDmScfS4ZUqLHg4nm6ATY+K62C75W4ZRNt4Ii+tX0bSjNk9LQ2xzQ==",
      "license": "ISC",
      "peerDependencies": {
        "react": ">=16.13.1"
      }
    }
  }
}
